<?xml version="1.0" encoding="utf-8"?>
<Project ToolsVersion="4.0" xmlns="http://schemas.microsoft.com/developer/msbuild/2003">
  <ItemGroup>
    <ClCompile Include="Plugin.cpp" />
    <ClCompile Include="stdafx.cpp" />
    <ClCompile Include="GOAP\Goal.cpp" />
    <ClCompile Include="GOAP\Action.cpp" />
    <ClCompile Include="GOAP\WorldState.cpp" />
    <ClCompile Include="GOAP\Actions\PickupAction.cpp" />
    <ClCompile Include="GOAP\Brain.cpp" />
    <ClCompile Include="EliteFramework\EliteAI\EliteGraphs\EGraphConnectionTypes.cpp" />
    <ClCompile Include="EliteFramework\EliteAI\EliteGraphs\EGraphNodeTypes.cpp" />
    <ClCompile Include="EliteFramework\EliteMath\EMatrix2x3.cpp" />
    <ClCompile Include="GOAP\Actions\Wander.cpp" />
    <ClCompile Include="GOAP\Actions\MoveTo.cpp" />
  </ItemGroup>
  <ItemGroup>
    <ClInclude Include="Plugin.h" />
    <ClInclude Include="stdafx.h" />
    <ClInclude Include="GOAP\Goal.h" />
    <ClInclude Include="GOAP\Action.h" />
    <ClInclude Include="GOAP\WorldState.h" />
    <ClInclude Include="GOAP\Actions\PickupAction.h" />
    <ClInclude Include="GOAP\Brain.h" />
    <ClInclude Include="EliteFramework\EliteAI\EliteGraphs\EGraph2D.h" />
    <ClInclude Include="EliteFramework\EliteAI\EliteGraphs\EGraphConnectionTypes.h" />
    <ClInclude Include="EliteFramework\EliteAI\EliteGraphs\EGraphEnums.h" />
    <ClInclude Include="EliteFramework\EliteAI\EliteGraphs\EGraphNodeTypes.h" />
    <ClInclude Include="EliteFramework\EliteAI\EliteGraphs\EGridGraph.h" />
    <ClInclude Include="EliteFramework\EliteAI\EliteGraphs\EIGraph.h" />
    <ClInclude Include="EliteFramework\EliteAI\EliteGraphs\EliteGraphAlgorithms\EAStar.h" />
    <ClInclude Include="EliteFramework\EliteAI\EliteGraphs\EliteGraphAlgorithms\EBFS.h" />
    <ClInclude Include="EliteFramework\EliteAI\EliteGraphs\EliteGraphAlgorithms\EEularianPath.h" />
    <ClInclude Include="EliteFramework\EliteAI\EliteNavigation\EHeuristicFunctions.h" />
    <ClInclude Include="EliteFramework\EliteAI\EliteNavigation\ENavigation.h" />
    <ClInclude Include="EliteFramework\EliteHelpers\ESingleton.h" />
    <ClInclude Include="EliteFramework\EliteInterfaces\EIApp.h" />
    <ClInclude Include="EliteFramework\EliteMath\EMat22.h" />
    <ClInclude Include="EliteFramework\EliteMath\EMath.h" />
    <ClInclude Include="EliteFramework\EliteMath\EMathUtilities.h" />
    <ClInclude Include="EliteFramework\EliteMath\EMatrix2x3.h" />
    <ClInclude Include="EliteFramework\EliteMath\EVector2.h" />
    <ClInclude Include="EliteFramework\EliteMath\EVector3.h" />
    <ClInclude Include="EliteFramework\EliteMath\FMatrix.h" />
    <ClInclude Include="GOAP\Actions\Wander.h" />
    <ClInclude Include="GOAP\Actions\MoveTo.h" />
  </ItemGroup>
</Project>