<?xml version="1.0" encoding="utf-8"?>
<Project ToolsVersion="4.0" xmlns="http://schemas.microsoft.com/developer/msbuild/2003">
  <ItemGroup>
    <ClCompile Include="Plugin.cpp" />
    <ClCompile Include="stdafx.cpp" />
    <ClCompile Include="GOAP\Action.cpp" />
    <ClCompile Include="GOAP\Actions\MoveToPickup.cpp" />
    <ClCompile Include="GOAP\Actions\PickupAction.cpp" />
    <ClCompile Include="GOAP\Actions\Wander.cpp" />
    <ClCompile Include="GOAP\Brain.cpp" />
    <ClCompile Include="GOAP\Goal.cpp" />
    <ClCompile Include="GOAP\WorldStates\WorldState.cpp" />
    <ClCompile Include="Graph\Graph.cpp" />
    <ClCompile Include="Graph\GraphConnection.cpp" />
    <ClCompile Include="Graph\GraphNode.cpp" />
    <ClCompile Include="Graph\Dijkstra.cpp" />
    <ClCompile Include="GOAP\WorldStates\ItemInInventoryState.cpp" />
    <ClCompile Include="GOAP\WorldStates\NextToPickupState.cpp" />
    <ClCompile Include="GOAP\WorldStates\WanderlustState.cpp" />
    <ClCompile Include="GOAP\WorldStates\ItemInViewState.cpp" />
  </ItemGroup>
  <ItemGroup>
    <ClInclude Include="Plugin.h" />
    <ClInclude Include="stdafx.h" />
    <ClInclude Include="GOAP\Action.h" />
    <ClInclude Include="GOAP\Actions\MoveToPickup.h" />
    <ClInclude Include="GOAP\Actions\PickupAction.h" />
    <ClInclude Include="GOAP\Actions\Wander.h" />
    <ClInclude Include="GOAP\Brain.h" />
    <ClInclude Include="GOAP\Goal.h" />
    <ClInclude Include="GOAP\WorldStates\WorldState.h" />
    <ClInclude Include="Graph\Graph.h" />
    <ClInclude Include="Graph\GraphConnection.h" />
    <ClInclude Include="Graph\GraphNode.h" />
    <ClInclude Include="Graph\Dijkstra.h" />
    <ClInclude Include="GOAP\WorldStates\ItemInViewState.h" />
    <ClInclude Include="GOAP\WorldStates\ItemInInventoryState.h" />
    <ClInclude Include="GOAP\WorldStates\NextToPickupState.h" />
    <ClInclude Include="GOAP\WorldStates\WanderlustState.h" />
  </ItemGroup>
</Project>