<?xml version="1.0" encoding="utf-8"?>
<Project ToolsVersion="4.0" xmlns="http://schemas.microsoft.com/developer/msbuild/2003">
  <ItemGroup>
    <ClCompile Include="Plugin.cpp" />
    <ClCompile Include="stdafx.cpp" />
    <ClCompile Include="GOAP\Goal.cpp" />
    <ClCompile Include="GOAP\Action.cpp" />
    <ClCompile Include="GOAP\WorldState.cpp" />
    <ClCompile Include="GOAP\Actions\GoToItemAction.cpp" />
    <ClCompile Include="GOAP\Brain.cpp" />
  </ItemGroup>
  <ItemGroup>
    <ClInclude Include="Plugin.h" />
    <ClInclude Include="stdafx.h" />
    <ClInclude Include="GOAP\Goal.h" />
    <ClInclude Include="GOAP\Action.h" />
    <ClInclude Include="GOAP\WorldState.h" />
    <ClInclude Include="GOAP\Actions\GoToItemAction.h" />
    <ClInclude Include="GOAP\Brain.h" />
  </ItemGroup>
</Project>